{
  "nodes": {
    "home-manager": {
      "inputs": {
        "nixpkgs": [
          "nixpkgs"
        ]
      },
      "locked": {
        "lastModified": 1687871164,
        "narHash": "sha256-bBFlPthuYX322xOlpJvkjUBz0C+MOBjZdDOOJJ+G2jU=",
        "owner": "nix-community",
        "repo": "home-manager",
        "rev": "07c347bb50994691d7b0095f45ebd8838cf6bc38",
        "type": "github"
      },
      "original": {
        "owner": "nix-community",
        "ref": "release-23.05",
        "repo": "home-manager",
        "type": "github"
      }
    },
    "nixpkgs": {
      "locked": {
        "lastModified": 1688256355,
        "narHash": "sha256-/E+OSabu4ii5+ccWff2k4vxDsXYhpc4hwnm0s6JOz7Y=",
        "owner": "nixos",
        "repo": "nixpkgs",
        "rev": "f553c016a31277246f8d3724d3b1eee5e8c0842c",
        "type": "github"
      },
      "original": {
        "owner": "nixos",
        "ref": "release-23.05",
        "repo": "nixpkgs",
        "type": "github"
      }
    },
    "nixpkgs-unstable": {
      "locked": {
        "lastModified": 1688261134,
        "narHash": "sha256-XsHr2MjLsOCHVHeTs0cEfq+xpmhjMKQLTjj+Ta0yI54=",
        "owner": "nixos",
        "repo": "nixpkgs",
        "rev": "193374f9756ea3d3bd91d38fdb7124c1104957c7",
        "type": "github"
      },
      "original": {
        "owner": "nixos",
        "repo": "nixpkgs",
        "type": "github"
      }
    },
    "root": {
      "inputs": {
        "home-manager": "home-manager",
        "nixpkgs": "nixpkgs",
        "nixpkgs-unstable": "nixpkgs-unstable"
      }
    }
  },
  "root": "root",
  "version": 7
}
