{
  "nodes": {
    "home-manager": {
      "inputs": {
        "nixpkgs": [
          "nixpkgs"
        ]
      },
      "locked": {
        "lastModified": 1687163790,
        "narHash": "sha256-CmG/ZdswJrWM0CMgJiVyWfO6LqaI4SKEAx9IrnYDrpI=",
        "owner": "nix-community",
        "repo": "home-manager",
        "rev": "ac53777f52929bc82efcd2830bfc5aa60bcb4337",
        "type": "github"
      },
      "original": {
        "owner": "nix-community",
        "ref": "release-23.05",
        "repo": "home-manager",
        "type": "github"
      }
    },
    "nixpkgs": {
      "locked": {
        "lastModified": 1687164712,
        "narHash": "sha256-qes0BvisSRdfXcTf2kDnz9rA0Y6UN/Q9K6tXqvbz9RI=",
        "owner": "nixos",
        "repo": "nixpkgs",
        "rev": "0141809c203872410d285671cce4f6b051afe273",
        "type": "github"
      },
      "original": {
        "owner": "nixos",
        "ref": "release-23.05",
        "repo": "nixpkgs",
        "type": "github"
      }
    },
    "nixpkgs-unstable": {
      "locked": {
        "lastModified": 1687180808,
        "narHash": "sha256-kdzREDqEpb794zbRoFxe/XfvqbhSE/pSqY18l7XynWc=",
        "owner": "nixos",
        "repo": "nixpkgs",
        "rev": "5938a095a9cdc31bcce6bbce5ad7def4b07bb046",
        "type": "github"
      },
      "original": {
        "owner": "nixos",
        "repo": "nixpkgs",
        "type": "github"
      }
    },
    "root": {
      "inputs": {
        "home-manager": "home-manager",
        "nixpkgs": "nixpkgs",
        "nixpkgs-unstable": "nixpkgs-unstable"
      }
    }
  },
  "root": "root",
  "version": 7
}
